
Microsoft Visual Studio Solution File, Format Version 12.00
# Visual Studio 15
VisualStudioVersion = 15.0.27703.2042
MinimumVisualStudioVersion = 10.0.40219.1
Project("{FAE04EC0-301F-11D3-BF4B-00C04F79EFBC}") = "Digitec", "Digitec\Digitec.csproj", "{7FCABD16-7091-4225-8441-D63FB3ACCC61}"
EndProject
Global
	GlobalSection(SolutionConfigurationPlatforms) = preSolution
		Debug|Any CPU = Debug|Any CPU
		Release|Any CPU = Release|Any CPU
	EndGlobalSection
	GlobalSection(ProjectConfigurationPlatforms) = postSolution
		{7FCABD16-7091-4225-8441-D63FB3ACCC61}.Debug|Any CPU.ActiveCfg = Debug|Any CPU
		{7FCABD16-7091-4225-8441-D63FB3ACCC61}.Debug|Any CPU.Build.0 = Debug|Any CPU
		{7FCABD16-7091-4225-8441-D63FB3ACCC61}.Release|Any CPU.ActiveCfg = Release|Any CPU
		{7FCABD16-7091-4225-8441-D63FB3ACCC61}.Release|Any CPU.Build.0 = Release|Any CPU
	EndGlobalSection
	GlobalSection(SolutionProperties) = preSolution
		HideSolutionNode = FALSE
	EndGlobalSection
	GlobalSection(ExtensibilityGlobals) = postSolution
		SolutionGuid = {EE390E42-F383-4A1A-A777-4DB62EA4EAC1}
	EndGlobalSection
EndGlobal
